
Microsoft Visual Studio Solution File, Format Version 12.00
# Visual Studio Version 16
VisualStudioVersion = 16.0.34031.81
MinimumVisualStudioVersion = 10.0.40219.1
Project("{FAE04EC0-301F-11D3-BF4B-00C04F79EFBC}") = "SalesWebMvc", "SalesWebMvc\SalesWebMvc.csproj", "{DF099A18-57E5-4503-8C35-982A648EF4BD}"
EndProject
Global
	GlobalSection(SolutionConfigurationPlatforms) = preSolution
		Debug|Any CPU = Debug|Any CPU
		Release|Any CPU = Release|Any CPU
	EndGlobalSection
	GlobalSection(ProjectConfigurationPlatforms) = postSolution
		{DF099A18-57E5-4503-8C35-982A648EF4BD}.Debug|Any CPU.ActiveCfg = Debug|Any CPU
		{DF099A18-57E5-4503-8C35-982A648EF4BD}.Debug|Any CPU.Build.0 = Debug|Any CPU
		{DF099A18-57E5-4503-8C35-982A648EF4BD}.Release|Any CPU.ActiveCfg = Release|Any CPU
		{DF099A18-57E5-4503-8C35-982A648EF4BD}.Release|Any CPU.Build.0 = Release|Any CPU
	EndGlobalSection
	GlobalSection(SolutionProperties) = preSolution
		HideSolutionNode = FALSE
	EndGlobalSection
	GlobalSection(ExtensibilityGlobals) = postSolution
		SolutionGuid = {8A7D3170-B12C-4C04-AF35-32EF06E7DA6D}
	EndGlobalSection
EndGlobal
